{
    "_meta": {
        "hash": {
            "sha256": "72747e35ab2753c0351056b31b5350045330f7121ce8a7eb69e2d19159f02c4b"
        },
        "pipfile-spec": 6,
        "requires": {},
        "sources": [
            {
                "name": "pypi",
                "url": "https://pypi.python.org/simple",
                "verify_ssl": true
            }
        ]
    },
    "default": {
        "alembic": {
            "hashes": [
                "sha256:4e02ed2aa796bd179965041afa092c55b51fb077de19d61835673cc80672c01c",
                "sha256:5334f32314fb2a56d86b4c4dd1ae34b08c03cae4cb888bc699942104d66bc245"
            ],
            "markers": "python_version >= '2.7' and python_version not in '3.0, 3.1, 3.2, 3.3'",
            "version": "==1.4.3"
        },
        "aniso8601": {
            "hashes": [
                "sha256:529dcb1f5f26ee0df6c0a1ee84b7b27197c3c50fc3a6321d66c544689237d072",
                "sha256:c033f63d028b9a58e3ab0c2c7d0532ab4bfa7452bfc788fbfe3ddabd327b181a"
            ],
            "version": "==8.0.0"
        },
        "attrs": {
            "hashes": [
                "sha256:26b54ddbbb9ee1d34d5d3668dd37d6cf74990ab23c828c2888dccdceee395594",
                "sha256:fce7fc47dfc976152e82d53ff92fa0407700c21acd20886a13777a0d20e655dc"
            ],
            "markers": "python_version >= '2.7' and python_version not in '3.0, 3.1, 3.2, 3.3'",
            "version": "==20.2.0"
        },
        "casbin": {
            "hashes": [
                "sha256:273a521a79cdcae1e4c01d96dd0fd081e3a331d82996fb2748a2b640c2f082e6",
                "sha256:34cbff31f7735efcd42a58adb220de929b32d71350a79c4c1aa3d843be425476"
            ],
            "index": "pypi",
            "version": "==0.9.0"
        },
        "casbin-sqlalchemy-adapter": {
            "hashes": [
                "sha256:0db2649974c64a701a5448b8c4be0dc02d889a3ab7a43c00476a9bb8848f29ee",
                "sha256:3e1724527efcef936ba0862793a9cc89fb1bb4480f60bf7be492b2e6468bc62d"
            ],
            "index": "pypi",
            "version": "==0.1.0"
        },
        "click": {
            "hashes": [
                "sha256:d2b5255c7c6349bc1bd1e59e08cd12acbbd63ce649f2588755783aa94dfb6b1a",
                "sha256:dacca89f4bfadd5de3d7489b7c8a566eee0d3676333fbb50030263894c38c0dc"
            ],
            "markers": "python_version >= '2.7' and python_version not in '3.0, 3.1, 3.2, 3.3, 3.4'",
            "version": "==7.1.2"
        },
        "ecdsa": {
            "hashes": [
                "sha256:64c613005f13efec6541bb0a33290d0d03c27abab5f15fbab20fb0ee162bdd8e",
                "sha256:e108a5fe92c67639abae3260e43561af914e7fd0d27bae6d2ec1312ae7934dfe"
            ],
            "markers": "python_version >= '2.6' and python_version not in '3.0, 3.1, 3.2, 3.3'",
            "version": "==0.14.1"
        },
        "flask": {
            "hashes": [
                "sha256:4efa1ae2d7c9865af48986de8aeb8504bf32c7f3d6fdc9353d34b21f4b127060",
                "sha256:8a4fdd8936eba2512e9c85df320a37e694c93945b33ef33c89946a340a238557"
            ],
            "index": "pypi",
            "version": "==1.1.2"
        },
        "flask-cors": {
            "hashes": [
                "sha256:6bcfc100288c5d1bcb1dbb854babd59beee622ffd321e444b05f24d6d58466b8",
                "sha256:cee4480aaee421ed029eaa788f4049e3e26d15b5affb6a880dade6bafad38324"
            ],
            "index": "pypi",
            "version": "==3.0.9"
        },
        "flask-migrate": {
            "hashes": [
                "sha256:4dc4a5cce8cbbb06b8dc963fd86cf8136bd7d875aabe2d840302ea739b243732",
                "sha256:a69d508c2e09d289f6e55a417b3b8c7bfe70e640f53d2d9deb0d056a384f37ee"
            ],
            "index": "pypi",
            "version": "==2.5.3"
        },
        "flask-restx": {
            "hashes": [
                "sha256:a1653da19ca0b5e5c2ea59bd5f4639a7749e6a9b882f459de1814ed37872253b",
                "sha256:ca87a1808333f4ec5a50a5740b44e6cd3879a4b940d559df3996877ec4a2f2a5"
            ],
            "index": "pypi",
            "version": "==0.2.0"
        },
        "flask-sqlalchemy": {
            "hashes": [
                "sha256:05b31d2034dd3f2a685cbbae4cfc4ed906b2a733cff7964ada450fd5e462b84e",
                "sha256:bfc7150eaf809b1c283879302f04c42791136060c6eeb12c0c6674fb1291fae5"
            ],
            "index": "pypi",
            "version": "==2.4.4"
        },
        "itsdangerous": {
            "hashes": [
                "sha256:321b033d07f2a4136d3ec762eac9f16a10ccd60f53c0c91af90217ace7ba1f19",
                "sha256:b12271b2047cb23eeb98c8b5622e2e5c5e9abd9784a153e9d8ef9cb4dd09d749"
            ],
            "markers": "python_version >= '2.7' and python_version not in '3.0, 3.1, 3.2, 3.3'",
            "version": "==1.1.0"
        },
        "jinja2": {
            "hashes": [
                "sha256:89aab215427ef59c34ad58735269eb58b1a5808103067f7bb9d5836c651b3bb0",
                "sha256:f0a4641d3cf955324a89c04f3d94663aa4d638abe8f733ecd3582848e1c37035"
            ],
            "markers": "python_version >= '2.7' and python_version not in '3.0, 3.1, 3.2, 3.3, 3.4'",
            "version": "==2.11.2"
        },
        "jsonschema": {
            "hashes": [
                "sha256:4e5b3cf8216f577bee9ce139cbe72eca3ea4f292ec60928ff24758ce626cd163",
                "sha256:c8a85b28d377cc7737e46e2d9f2b4f44ee3c0e1deac6bf46ddefc7187d30797a"
            ],
            "version": "==3.2.0"
        },
        "mako": {
            "hashes": [
                "sha256:8195c8c1400ceb53496064314c6736719c6f25e7479cd24c77be3d9361cddc27",
                "sha256:93729a258e4ff0747c876bd9e20df1b9758028946e976324ccd2d68245c7b6a9"
            ],
            "markers": "python_version >= '2.7' and python_version not in '3.0, 3.1, 3.2, 3.3'",
            "version": "==1.1.3"
        },
        "markupsafe": {
            "hashes": [
                "sha256:00bc623926325b26bb9605ae9eae8a215691f33cae5df11ca5424f06f2d1f473",
                "sha256:09027a7803a62ca78792ad89403b1b7a73a01c8cb65909cd876f7fcebd79b161",
                "sha256:09c4b7f37d6c648cb13f9230d847adf22f8171b1ccc4d5682398e77f40309235",
                "sha256:1027c282dad077d0bae18be6794e6b6b8c91d58ed8a8d89a89d59693b9131db5",
                "sha256:13d3144e1e340870b25e7b10b98d779608c02016d5184cfb9927a9f10c689f42",
                "sha256:24982cc2533820871eba85ba648cd53d8623687ff11cbb805be4ff7b4c971aff",
                "sha256:29872e92839765e546828bb7754a68c418d927cd064fd4708fab9fe9c8bb116b",
                "sha256:43a55c2930bbc139570ac2452adf3d70cdbb3cfe5912c71cdce1c2c6bbd9c5d1",
                "sha256:46c99d2de99945ec5cb54f23c8cd5689f6d7177305ebff350a58ce5f8de1669e",
                "sha256:500d4957e52ddc3351cabf489e79c91c17f6e0899158447047588650b5e69183",
                "sha256:535f6fc4d397c1563d08b88e485c3496cf5784e927af890fb3c3aac7f933ec66",
                "sha256:596510de112c685489095da617b5bcbbac7dd6384aeebeda4df6025d0256a81b",
                "sha256:62fe6c95e3ec8a7fad637b7f3d372c15ec1caa01ab47926cfdf7a75b40e0eac1",
                "sha256:6788b695d50a51edb699cb55e35487e430fa21f1ed838122d722e0ff0ac5ba15",
                "sha256:6dd73240d2af64df90aa7c4e7481e23825ea70af4b4922f8ede5b9e35f78a3b1",
                "sha256:717ba8fe3ae9cc0006d7c451f0bb265ee07739daf76355d06366154ee68d221e",
                "sha256:79855e1c5b8da654cf486b830bd42c06e8780cea587384cf6545b7d9ac013a0b",
                "sha256:7c1699dfe0cf8ff607dbdcc1e9b9af1755371f92a68f706051cc8c37d447c905",
                "sha256:88e5fcfb52ee7b911e8bb6d6aa2fd21fbecc674eadd44118a9cc3863f938e735",
                "sha256:8defac2f2ccd6805ebf65f5eeb132adcf2ab57aa11fdf4c0dd5169a004710e7d",
                "sha256:98c7086708b163d425c67c7a91bad6e466bb99d797aa64f965e9d25c12111a5e",
                "sha256:9add70b36c5666a2ed02b43b335fe19002ee5235efd4b8a89bfcf9005bebac0d",
                "sha256:9bf40443012702a1d2070043cb6291650a0841ece432556f784f004937f0f32c",
                "sha256:ade5e387d2ad0d7ebf59146cc00c8044acbd863725f887353a10df825fc8ae21",
                "sha256:b00c1de48212e4cc9603895652c5c410df699856a2853135b3967591e4beebc2",
                "sha256:b1282f8c00509d99fef04d8ba936b156d419be841854fe901d8ae224c59f0be5",
                "sha256:b2051432115498d3562c084a49bba65d97cf251f5a331c64a12ee7e04dacc51b",
                "sha256:ba59edeaa2fc6114428f1637ffff42da1e311e29382d81b339c1817d37ec93c6",
                "sha256:c8716a48d94b06bb3b2524c2b77e055fb313aeb4ea620c8dd03a105574ba704f",
                "sha256:cd5df75523866410809ca100dc9681e301e3c27567cf498077e8551b6d20e42f",
                "sha256:cdb132fc825c38e1aeec2c8aa9338310d29d337bebbd7baa06889d09a60a1fa2",
                "sha256:e249096428b3ae81b08327a63a485ad0878de3fb939049038579ac0ef61e17e7",
                "sha256:e8313f01ba26fbbe36c7be1966a7b7424942f670f38e666995b88d012765b9be"
            ],
            "markers": "python_version >= '2.7' and python_version not in '3.0, 3.1, 3.2, 3.3'",
            "version": "==1.1.1"
        },
        "pg8000": {
            "hashes": [
                "sha256:3d646b11227d94a3130a765a981dc6323bc959a3cd6ed54421d174b2ef256087",
                "sha256:8af70cdfcc1fadafa32468a6af563e1c0b5271c4dcc99a4490030a128cb295a3"
            ],
            "index": "pypi",
            "version": "==1.16.5"
        },
        "pyasn1": {
            "hashes": [
                "sha256:014c0e9976956a08139dc0712ae195324a75e142284d5f87f1a87ee1b068a359",
                "sha256:03840c999ba71680a131cfaee6fab142e1ed9bbd9c693e285cc6aca0d555e576",
                "sha256:0458773cfe65b153891ac249bcf1b5f8f320b7c2ce462151f8fa74de8934becf",
                "sha256:08c3c53b75eaa48d71cf8c710312316392ed40899cb34710d092e96745a358b7",
                "sha256:39c7e2ec30515947ff4e87fb6f456dfc6e84857d34be479c9d4a4ba4bf46aa5d",
                "sha256:5c9414dcfede6e441f7e8f81b43b34e834731003427e5b09e4e00e3172a10f00",
                "sha256:6e7545f1a61025a4e58bb336952c5061697da694db1cae97b116e9c46abcf7c8",
                "sha256:78fa6da68ed2727915c4767bb386ab32cdba863caa7dbe473eaae45f9959da86",
                "sha256:7ab8a544af125fb704feadb008c99a88805126fb525280b2270bb25cc1d78a12",
                "sha256:99fcc3c8d804d1bc6d9a099921e39d827026409a58f2a720dcdb89374ea0c776",
                "sha256:aef77c9fb94a3ac588e87841208bdec464471d9871bd5050a287cc9a475cd0ba",
                "sha256:e89bf84b5437b532b0803ba5c9a5e054d21fec423a89952a74f87fa2c9b7bce2",
                "sha256:fec3e9d8e36808a28efb59b489e4528c10ad0f480e57dcc32b4de5c9d8c9fdf3"
            ],
            "version": "==0.4.8"
        },
        "pyrsistent": {
            "hashes": [
                "sha256:2e636185d9eb976a18a8a8e96efce62f2905fea90041958d8cc2a189756ebf3e"
            ],
            "markers": "python_version >= '3.5'",
            "version": "==0.17.3"
        },
        "python-dateutil": {
            "hashes": [
                "sha256:73ebfe9dbf22e832286dafa60473e4cd239f8592f699aa5adaf10050e6e1823c",
                "sha256:75bb3f31ea686f1197762692a9ee6a7550b59fc6ca3a1f4b5d7e32fb98e2da2a"
            ],
            "markers": "python_version >= '2.7' and python_version not in '3.0, 3.1, 3.2, 3.3'",
            "version": "==2.8.1"
        },
        "python-editor": {
            "hashes": [
                "sha256:1bf6e860a8ad52a14c3ee1252d5dc25b2030618ed80c022598f00176adc8367d",
                "sha256:51fda6bcc5ddbbb7063b2af7509e43bd84bfc32a4ff71349ec7847713882327b",
                "sha256:5f98b069316ea1c2ed3f67e7f5df6c0d8f10b689964a4a811ff64f0106819ec8",
                "sha256:c3da2053dbab6b29c94e43c486ff67206eafbe7eb52dbec7390b5e2fb05aac77",
                "sha256:ea87e17f6ec459e780e4221f295411462e0d0810858e055fc514684350a2f522"
            ],
            "version": "==1.0.4"
        },
        "python-jose": {
            "hashes": [
                "sha256:4e4192402e100b5fb09de5a8ea6bcc39c36ad4526341c123d401e2561720335b",
                "sha256:67d7dfff599df676b04a996520d9be90d6cdb7e6dd10b4c7cacc0c3e2e92f2be"
            ],
            "index": "pypi",
            "version": "==3.2.0"
        },
        "pytz": {
            "hashes": [
                "sha256:a494d53b6d39c3c6e44c3bec237336e14305e4f29bbf800b599253057fbb79ed",
                "sha256:c35965d010ce31b23eeb663ed3cc8c906275d6be1a34393a1d73a41febf4a048"
            ],
            "version": "==2020.1"
        },
        "rsa": {
            "hashes": [
                "sha256:109ea5a66744dd859bf16fe904b8d8b627adafb9408753161e766a92e7d681fa",
                "sha256:6166864e23d6b5195a5cfed6cd9fed0fe774e226d8f854fcb23b7bbef0350233"
            ],
            "markers": "python_version >= '3.5' and python_version < '4'",
            "version": "==4.6"
        },
        "scramp": {
            "hashes": [
                "sha256:74815c25aad1fe0b5fb994e96c3de63e8695164358a80138352aaadfa4760350",
                "sha256:d6865ed1d135ddb124a619d7cd3a5b505f69a7c92e248024dd7e48bc77752af5"
            ],
            "markers": "python_version >= '3.5'",
            "version": "==1.2.0"
        },
        "simpleeval": {
            "hashes": [
                "sha256:692055488c2864637f6c2edb5fa48175978a2a07318009e7cf03c9790ca17bea"
            ],
            "version": "==0.9.10"
        },
        "six": {
            "hashes": [
                "sha256:30639c035cdb23534cd4aa2dd52c3bf48f06e5f4a941509c8bafd8ce11080259",
                "sha256:8b74bedcbbbaca38ff6d7491d76f2b06b3592611af620f8426e82dddb04a5ced"
            ],
            "markers": "python_version >= '2.7' and python_version not in '3.0, 3.1, 3.2, 3.3'",
            "version": "==1.15.0"
        },
        "sqlalchemy": {
            "hashes": [
                "sha256:009e8388d4d551a2107632921320886650b46332f61dc935e70c8bcf37d8e0d6",
                "sha256:0157c269701d88f5faf1fa0e4560e4d814f210c01a5b55df3cab95e9346a8bcc",
                "sha256:0a92745bb1ebbcb3985ed7bda379b94627f0edbc6c82e9e4bac4fb5647ae609a",
                "sha256:0cca1844ba870e81c03633a99aa3dc62256fb96323431a5dec7d4e503c26372d",
                "sha256:166917a729b9226decff29416f212c516227c2eb8a9c9f920d69ced24e30109f",
                "sha256:1f5f369202912be72fdf9a8f25067a5ece31a2b38507bb869306f173336348da",
                "sha256:2909dffe5c9a615b7e6c92d1ac2d31e3026dc436440a4f750f4749d114d88ceb",
                "sha256:2b5dafed97f778e9901b79cc01b88d39c605e0545b4541f2551a2fd785adc15b",
                "sha256:2e9bd5b23bba8ae8ce4219c9333974ff5e103c857d9ff0e4b73dc4cb244c7d86",
                "sha256:3aa6d45e149a16aa1f0c46816397e12313d5e37f22205c26e06975e150ffcf2a",
                "sha256:4bdbdb8ca577c6c366d15791747c1de6ab14529115a2eb52774240c412a7b403",
                "sha256:53fd857c6c8ffc0aa6a5a3a2619f6a74247e42ec9e46b836a8ffa4abe7aab327",
                "sha256:5cdfe54c1e37279dc70d92815464b77cd8ee30725adc9350f06074f91dbfeed2",
                "sha256:5d92c18458a4aa27497a986038d5d797b5279268a2de303cd00910658e8d149c",
                "sha256:632b32183c0cb0053194a4085c304bc2320e5299f77e3024556fa2aa395c2a8b",
                "sha256:7c735c7a6db8ee9554a3935e741cf288f7dcbe8706320251eb38c412e6a4281d",
                "sha256:7cd40cb4bc50d9e87b3540b23df6e6b24821ba7e1f305c1492b0806c33dbdbec",
                "sha256:84f0ac4a09971536b38cc5d515d6add7926a7e13baa25135a1dbb6afa351a376",
                "sha256:8dcbf377529a9af167cbfc5b8acec0fadd7c2357fc282a1494c222d3abfc9629",
                "sha256:950f0e17ffba7a7ceb0dd056567bc5ade22a11a75920b0e8298865dc28c0eff6",
                "sha256:9e379674728f43a0cd95c423ac0e95262500f9bfd81d33b999daa8ea1756d162",
                "sha256:b15002b9788ffe84e42baffc334739d3b68008a973d65fad0a410ca5d0531980",
                "sha256:b6f036ecc017ec2e2cc2a40615b41850dc7aaaea6a932628c0afc73ab98ba3fb",
                "sha256:bad73f9888d30f9e1d57ac8829f8a12091bdee4949b91db279569774a866a18e",
                "sha256:bbc58fca72ce45a64bb02b87f73df58e29848b693869e58bd890b2ddbb42d83b",
                "sha256:bca4d367a725694dae3dfdc86cf1d1622b9f414e70bd19651f5ac4fb3aa96d61",
                "sha256:be41d5de7a8e241864189b7530ca4aaf56a5204332caa70555c2d96379e18079",
                "sha256:bf53d8dddfc3e53a5bda65f7f4aa40fae306843641e3e8e701c18a5609471edf",
                "sha256:c092fe282de83d48e64d306b4bce03114859cdbfe19bf8a978a78a0d44ddadb1",
                "sha256:c3ab23ee9674336654bf9cac30eb75ac6acb9150dc4b1391bec533a7a4126471",
                "sha256:ce64a44c867d128ab8e675f587aae7f61bd2db836a3c4ba522d884cd7c298a77",
                "sha256:d05cef4a164b44ffda58200efcb22355350979e000828479971ebca49b82ddb1",
                "sha256:d2f25c7f410338d31666d7ddedfa67570900e248b940d186b48461bd4e5569a1",
                "sha256:d3b709d64b5cf064972b3763b47139e4a0dc4ae28a36437757f7663f67b99710",
                "sha256:e32e3455db14602b6117f0f422f46bc297a3853ae2c322ecd1e2c4c04daf6ed5",
                "sha256:ed53209b5f0f383acb49a927179fa51a6e2259878e164273ebc6815f3a752465",
                "sha256:f605f348f4e6a2ba00acb3399c71d213b92f27f2383fc4abebf7a37368c12142",
                "sha256:fcdb3755a7c355bc29df1b5e6fb8226d5c8b90551d202d69d0076a8a5649d68b"
            ],
            "markers": "python_version >= '2.7' and python_version not in '3.0, 3.1, 3.2, 3.3'",
            "version": "==1.3.20"
        },
        "werkzeug": {
            "hashes": [
                "sha256:2de2a5db0baeae7b2d2664949077c2ac63fbd16d98da0ff71837f7d1dea3fd43",
                "sha256:6c80b1e5ad3665290ea39320b91e1be1e0d5f60652b964a3070216de83d2e47c"
            ],
            "index": "pypi",
            "version": "==1.0.1"
        }
    },
    "develop": {
        "astroid": {
            "hashes": [
                "sha256:2f4078c2a41bf377eea06d71c9d2ba4eb8f6b1af2135bec27bbbb7d8f12bb703",
                "sha256:bc58d83eb610252fd8de6363e39d4f1d0619c894b0ed24603b881c02e64c7386"
            ],
            "markers": "python_version >= '3.5'",
            "version": "==2.4.2"
        },
        "click": {
            "hashes": [
                "sha256:d2b5255c7c6349bc1bd1e59e08cd12acbbd63ce649f2588755783aa94dfb6b1a",
                "sha256:dacca89f4bfadd5de3d7489b7c8a566eee0d3676333fbb50030263894c38c0dc"
            ],
            "markers": "python_version >= '2.7' and python_version not in '3.0, 3.1, 3.2, 3.3, 3.4'",
            "version": "==7.1.2"
        },
        "flask": {
            "hashes": [
                "sha256:4efa1ae2d7c9865af48986de8aeb8504bf32c7f3d6fdc9353d34b21f4b127060",
                "sha256:8a4fdd8936eba2512e9c85df320a37e694c93945b33ef33c89946a340a238557"
            ],
            "index": "pypi",
            "version": "==1.1.2"
        },
        "flask-sqlalchemy": {
            "hashes": [
                "sha256:05b31d2034dd3f2a685cbbae4cfc4ed906b2a733cff7964ada450fd5e462b84e",
                "sha256:bfc7150eaf809b1c283879302f04c42791136060c6eeb12c0c6674fb1291fae5"
            ],
            "index": "pypi",
            "version": "==2.4.4"
        },
        "isort": {
            "hashes": [
                "sha256:dcab1d98b469a12a1a624ead220584391648790275560e1a43e54c5dceae65e7",
                "sha256:dcaeec1b5f0eca77faea2a35ab790b4f3680ff75590bfcb7145986905aab2f58"
            ],
            "markers": "python_version >= '3.6' and python_version < '4.0'",
            "version": "==5.6.4"
        },
        "itsdangerous": {
            "hashes": [
                "sha256:321b033d07f2a4136d3ec762eac9f16a10ccd60f53c0c91af90217ace7ba1f19",
                "sha256:b12271b2047cb23eeb98c8b5622e2e5c5e9abd9784a153e9d8ef9cb4dd09d749"
            ],
            "markers": "python_version >= '2.7' and python_version not in '3.0, 3.1, 3.2, 3.3'",
            "version": "==1.1.0"
        },
        "jinja2": {
            "hashes": [
                "sha256:89aab215427ef59c34ad58735269eb58b1a5808103067f7bb9d5836c651b3bb0",
                "sha256:f0a4641d3cf955324a89c04f3d94663aa4d638abe8f733ecd3582848e1c37035"
            ],
            "markers": "python_version >= '2.7' and python_version not in '3.0, 3.1, 3.2, 3.3, 3.4'",
            "version": "==2.11.2"
        },
        "lazy-object-proxy": {
            "hashes": [
                "sha256:0c4b206227a8097f05c4dbdd323c50edf81f15db3b8dc064d08c62d37e1a504d",
                "sha256:194d092e6f246b906e8f70884e620e459fc54db3259e60cf69a4d66c3fda3449",
                "sha256:1be7e4c9f96948003609aa6c974ae59830a6baecc5376c25c92d7d697e684c08",
                "sha256:4677f594e474c91da97f489fea5b7daa17b5517190899cf213697e48d3902f5a",
                "sha256:48dab84ebd4831077b150572aec802f303117c8cc5c871e182447281ebf3ac50",
                "sha256:5541cada25cd173702dbd99f8e22434105456314462326f06dba3e180f203dfd",
                "sha256:59f79fef100b09564bc2df42ea2d8d21a64fdcda64979c0fa3db7bdaabaf6239",
                "sha256:8d859b89baf8ef7f8bc6b00aa20316483d67f0b1cbf422f5b4dc56701c8f2ffb",
                "sha256:9254f4358b9b541e3441b007a0ea0764b9d056afdeafc1a5569eee1cc6c1b9ea",
                "sha256:9651375199045a358eb6741df3e02a651e0330be090b3bc79f6d0de31a80ec3e",
                "sha256:97bb5884f6f1cdce0099f86b907aa41c970c3c672ac8b9c8352789e103cf3156",
                "sha256:9b15f3f4c0f35727d3a0fba4b770b3c4ebbb1fa907dbcc046a1d2799f3edd142",
                "sha256:a2238e9d1bb71a56cd710611a1614d1194dc10a175c1e08d75e1a7bcc250d442",
                "sha256:a6ae12d08c0bf9909ce12385803a543bfe99b95fe01e752536a60af2b7797c62",
                "sha256:ca0a928a3ddbc5725be2dd1cf895ec0a254798915fb3a36af0964a0a4149e3db",
                "sha256:cb2c7c57005a6804ab66f106ceb8482da55f5314b7fcb06551db1edae4ad1531",
                "sha256:d74bb8693bf9cf75ac3b47a54d716bbb1a92648d5f781fc799347cfc95952383",
                "sha256:d945239a5639b3ff35b70a88c5f2f491913eb94871780ebfabb2568bd58afc5a",
                "sha256:eba7011090323c1dadf18b3b689845fd96a61ba0a1dfbd7f24b921398affc357",
                "sha256:efa1909120ce98bbb3777e8b6f92237f5d5c8ea6758efea36a473e1d38f7d3e4",
                "sha256:f3900e8a5de27447acbf900b4750b0ddfd7ec1ea7fbaf11dfa911141bc522af0"
            ],
            "markers": "python_version >= '2.7' and python_version not in '3.0, 3.1, 3.2, 3.3'",
            "version": "==1.4.3"
        },
        "markupsafe": {
            "hashes": [
                "sha256:00bc623926325b26bb9605ae9eae8a215691f33cae5df11ca5424f06f2d1f473",
                "sha256:09027a7803a62ca78792ad89403b1b7a73a01c8cb65909cd876f7fcebd79b161",
                "sha256:09c4b7f37d6c648cb13f9230d847adf22f8171b1ccc4d5682398e77f40309235",
                "sha256:1027c282dad077d0bae18be6794e6b6b8c91d58ed8a8d89a89d59693b9131db5",
                "sha256:13d3144e1e340870b25e7b10b98d779608c02016d5184cfb9927a9f10c689f42",
                "sha256:24982cc2533820871eba85ba648cd53d8623687ff11cbb805be4ff7b4c971aff",
                "sha256:29872e92839765e546828bb7754a68c418d927cd064fd4708fab9fe9c8bb116b",
                "sha256:43a55c2930bbc139570ac2452adf3d70cdbb3cfe5912c71cdce1c2c6bbd9c5d1",
                "sha256:46c99d2de99945ec5cb54f23c8cd5689f6d7177305ebff350a58ce5f8de1669e",
                "sha256:500d4957e52ddc3351cabf489e79c91c17f6e0899158447047588650b5e69183",
                "sha256:535f6fc4d397c1563d08b88e485c3496cf5784e927af890fb3c3aac7f933ec66",
                "sha256:596510de112c685489095da617b5bcbbac7dd6384aeebeda4df6025d0256a81b",
                "sha256:62fe6c95e3ec8a7fad637b7f3d372c15ec1caa01ab47926cfdf7a75b40e0eac1",
                "sha256:6788b695d50a51edb699cb55e35487e430fa21f1ed838122d722e0ff0ac5ba15",
                "sha256:6dd73240d2af64df90aa7c4e7481e23825ea70af4b4922f8ede5b9e35f78a3b1",
                "sha256:717ba8fe3ae9cc0006d7c451f0bb265ee07739daf76355d06366154ee68d221e",
                "sha256:79855e1c5b8da654cf486b830bd42c06e8780cea587384cf6545b7d9ac013a0b",
                "sha256:7c1699dfe0cf8ff607dbdcc1e9b9af1755371f92a68f706051cc8c37d447c905",
                "sha256:88e5fcfb52ee7b911e8bb6d6aa2fd21fbecc674eadd44118a9cc3863f938e735",
                "sha256:8defac2f2ccd6805ebf65f5eeb132adcf2ab57aa11fdf4c0dd5169a004710e7d",
                "sha256:98c7086708b163d425c67c7a91bad6e466bb99d797aa64f965e9d25c12111a5e",
                "sha256:9add70b36c5666a2ed02b43b335fe19002ee5235efd4b8a89bfcf9005bebac0d",
                "sha256:9bf40443012702a1d2070043cb6291650a0841ece432556f784f004937f0f32c",
                "sha256:ade5e387d2ad0d7ebf59146cc00c8044acbd863725f887353a10df825fc8ae21",
                "sha256:b00c1de48212e4cc9603895652c5c410df699856a2853135b3967591e4beebc2",
                "sha256:b1282f8c00509d99fef04d8ba936b156d419be841854fe901d8ae224c59f0be5",
                "sha256:b2051432115498d3562c084a49bba65d97cf251f5a331c64a12ee7e04dacc51b",
                "sha256:ba59edeaa2fc6114428f1637ffff42da1e311e29382d81b339c1817d37ec93c6",
                "sha256:c8716a48d94b06bb3b2524c2b77e055fb313aeb4ea620c8dd03a105574ba704f",
                "sha256:cd5df75523866410809ca100dc9681e301e3c27567cf498077e8551b6d20e42f",
                "sha256:cdb132fc825c38e1aeec2c8aa9338310d29d337bebbd7baa06889d09a60a1fa2",
                "sha256:e249096428b3ae81b08327a63a485ad0878de3fb939049038579ac0ef61e17e7",
                "sha256:e8313f01ba26fbbe36c7be1966a7b7424942f670f38e666995b88d012765b9be"
            ],
            "markers": "python_version >= '2.7' and python_version not in '3.0, 3.1, 3.2, 3.3'",
            "version": "==1.1.1"
        },
        "mccabe": {
            "hashes": [
                "sha256:ab8a6258860da4b6677da4bd2fe5dc2c659cff31b3ee4f7f5d64e79735b80d42",
                "sha256:dd8d182285a0fe56bace7f45b5e7d1a6ebcbf524e8f3bd87eb0f125271b8831f"
            ],
            "version": "==0.6.1"
        },
        "pydocstyle": {
            "hashes": [
                "sha256:19b86fa8617ed916776a11cd8bc0197e5b9856d5433b777f51a3defe13075325",
                "sha256:aca749e190a01726a4fb472dd4ef23b5c9da7b9205c0a7857c06533de13fd678"
            ],
            "index": "pypi",
            "version": "==5.1.1"
        },
        "pylint": {
            "hashes": [
                "sha256:bb4a908c9dadbc3aac18860550e870f58e1a02c9f2c204fdf5693d73be061210",
                "sha256:bfe68f020f8a0fece830a22dd4d5dddb4ecc6137db04face4c3420a46a52239f"
            ],
            "index": "pypi",
            "version": "==2.6.0"
        },
        "pylint-flask": {
            "hashes": [
                "sha256:f4d97de2216bf7bfce07c9c08b166e978fe9f2725de2a50a9845a97de7e31517"
            ],
            "index": "pypi",
            "version": "==0.6"
        },
        "pylint-flask-sqlalchemy": {
            "hashes": [
                "sha256:27f1fffb940adc9ac8f00ff7eb91ec39ca070c0f3bcec0d7f1c702a993d40505",
                "sha256:8ede5baba1a465d8ba39d8383ffcf0889d7a6afeff44bd24177fcf529ba8aa81"
            ],
            "index": "pypi",
            "version": "==0.2.0"
        },
        "pylint-plugin-utils": {
            "hashes": [
                "sha256:2f30510e1c46edf268d3a195b2849bd98a1b9433229bb2ba63b8d776e1fc4d0a",
                "sha256:57625dcca20140f43731311cd8fd879318bf45a8b0fd17020717a8781714a25a"
            ],
            "version": "==0.6"
        },
        "six": {
            "hashes": [
                "sha256:30639c035cdb23534cd4aa2dd52c3bf48f06e5f4a941509c8bafd8ce11080259",
                "sha256:8b74bedcbbbaca38ff6d7491d76f2b06b3592611af620f8426e82dddb04a5ced"
            ],
            "markers": "python_version >= '2.7' and python_version not in '3.0, 3.1, 3.2, 3.3'",
            "version": "==1.15.0"
        },
        "snowballstemmer": {
            "hashes": [
                "sha256:209f257d7533fdb3cb73bdbd24f436239ca3b2fa67d56f6ff88e86be08cc5ef0",
                "sha256:df3bac3df4c2c01363f3dd2cfa78cce2840a79b9f1c2d2de9ce8d31683992f52"
            ],
            "version": "==2.0.0"
        },
        "sqlalchemy": {
            "hashes": [
                "sha256:009e8388d4d551a2107632921320886650b46332f61dc935e70c8bcf37d8e0d6",
                "sha256:0157c269701d88f5faf1fa0e4560e4d814f210c01a5b55df3cab95e9346a8bcc",
                "sha256:0a92745bb1ebbcb3985ed7bda379b94627f0edbc6c82e9e4bac4fb5647ae609a",
                "sha256:0cca1844ba870e81c03633a99aa3dc62256fb96323431a5dec7d4e503c26372d",
                "sha256:166917a729b9226decff29416f212c516227c2eb8a9c9f920d69ced24e30109f",
                "sha256:1f5f369202912be72fdf9a8f25067a5ece31a2b38507bb869306f173336348da",
                "sha256:2909dffe5c9a615b7e6c92d1ac2d31e3026dc436440a4f750f4749d114d88ceb",
                "sha256:2b5dafed97f778e9901b79cc01b88d39c605e0545b4541f2551a2fd785adc15b",
                "sha256:2e9bd5b23bba8ae8ce4219c9333974ff5e103c857d9ff0e4b73dc4cb244c7d86",
                "sha256:3aa6d45e149a16aa1f0c46816397e12313d5e37f22205c26e06975e150ffcf2a",
                "sha256:4bdbdb8ca577c6c366d15791747c1de6ab14529115a2eb52774240c412a7b403",
                "sha256:53fd857c6c8ffc0aa6a5a3a2619f6a74247e42ec9e46b836a8ffa4abe7aab327",
                "sha256:5cdfe54c1e37279dc70d92815464b77cd8ee30725adc9350f06074f91dbfeed2",
                "sha256:5d92c18458a4aa27497a986038d5d797b5279268a2de303cd00910658e8d149c",
                "sha256:632b32183c0cb0053194a4085c304bc2320e5299f77e3024556fa2aa395c2a8b",
                "sha256:7c735c7a6db8ee9554a3935e741cf288f7dcbe8706320251eb38c412e6a4281d",
                "sha256:7cd40cb4bc50d9e87b3540b23df6e6b24821ba7e1f305c1492b0806c33dbdbec",
                "sha256:84f0ac4a09971536b38cc5d515d6add7926a7e13baa25135a1dbb6afa351a376",
                "sha256:8dcbf377529a9af167cbfc5b8acec0fadd7c2357fc282a1494c222d3abfc9629",
                "sha256:950f0e17ffba7a7ceb0dd056567bc5ade22a11a75920b0e8298865dc28c0eff6",
                "sha256:9e379674728f43a0cd95c423ac0e95262500f9bfd81d33b999daa8ea1756d162",
                "sha256:b15002b9788ffe84e42baffc334739d3b68008a973d65fad0a410ca5d0531980",
                "sha256:b6f036ecc017ec2e2cc2a40615b41850dc7aaaea6a932628c0afc73ab98ba3fb",
                "sha256:bad73f9888d30f9e1d57ac8829f8a12091bdee4949b91db279569774a866a18e",
                "sha256:bbc58fca72ce45a64bb02b87f73df58e29848b693869e58bd890b2ddbb42d83b",
                "sha256:bca4d367a725694dae3dfdc86cf1d1622b9f414e70bd19651f5ac4fb3aa96d61",
                "sha256:be41d5de7a8e241864189b7530ca4aaf56a5204332caa70555c2d96379e18079",
                "sha256:bf53d8dddfc3e53a5bda65f7f4aa40fae306843641e3e8e701c18a5609471edf",
                "sha256:c092fe282de83d48e64d306b4bce03114859cdbfe19bf8a978a78a0d44ddadb1",
                "sha256:c3ab23ee9674336654bf9cac30eb75ac6acb9150dc4b1391bec533a7a4126471",
                "sha256:ce64a44c867d128ab8e675f587aae7f61bd2db836a3c4ba522d884cd7c298a77",
                "sha256:d05cef4a164b44ffda58200efcb22355350979e000828479971ebca49b82ddb1",
                "sha256:d2f25c7f410338d31666d7ddedfa67570900e248b940d186b48461bd4e5569a1",
                "sha256:d3b709d64b5cf064972b3763b47139e4a0dc4ae28a36437757f7663f67b99710",
                "sha256:e32e3455db14602b6117f0f422f46bc297a3853ae2c322ecd1e2c4c04daf6ed5",
                "sha256:ed53209b5f0f383acb49a927179fa51a6e2259878e164273ebc6815f3a752465",
                "sha256:f605f348f4e6a2ba00acb3399c71d213b92f27f2383fc4abebf7a37368c12142",
                "sha256:fcdb3755a7c355bc29df1b5e6fb8226d5c8b90551d202d69d0076a8a5649d68b"
            ],
            "markers": "python_version >= '2.7' and python_version not in '3.0, 3.1, 3.2, 3.3'",
            "version": "==1.3.20"
        },
        "toml": {
            "hashes": [
                "sha256:926b612be1e5ce0634a2ca03470f95169cf16f939018233a670519cb4ac58b0f",
                "sha256:bda89d5935c2eac546d648028b9901107a595863cb36bae0c73ac804a9b4ce88"
            ],
            "version": "==0.10.1"
        },
        "werkzeug": {
            "hashes": [
                "sha256:2de2a5db0baeae7b2d2664949077c2ac63fbd16d98da0ff71837f7d1dea3fd43",
                "sha256:6c80b1e5ad3665290ea39320b91e1be1e0d5f60652b964a3070216de83d2e47c"
            ],
            "index": "pypi",
            "version": "==1.0.1"
        },
        "wrapt": {
            "hashes": [
                "sha256:b62ffa81fb85f4332a4f609cab4ac40709470da05643a082ec1eb88e6d9b97d7"
            ],
            "version": "==1.12.1"
        }
    }
}
